// !$*UTF8*$!
{
	archiveVersion = 1;
	classes = {
	};
	objectVersion = 55;
	objects = {

/* Begin PBXBuildFile section */
		720B8A4127973E4000A713D2 /* landmarkData.json in Resources */ = {isa = PBXBuildFile; fileRef = 720B8A4027973E4000A713D2 /* landmarkData.json */; };
		720B8A4327973EA700A713D2 /* Landmark.swift in Sources */ = {isa = PBXBuildFile; fileRef = 720B8A4227973EA700A713D2 /* Landmark.swift */; };
		720B8A452797413000A713D2 /* ModelData.swift in Sources */ = {isa = PBXBuildFile; fileRef = 720B8A442797413000A713D2 /* ModelData.swift */; };
		7235463A279868480061905A /* LandmarkRow.swift in Sources */ = {isa = PBXBuildFile; fileRef = 72354639279868480061905A /* LandmarkRow.swift */; };
		7235463C2799D3F50061905A /* LandmarkList.swift in Sources */ = {isa = PBXBuildFile; fileRef = 7235463B2799D3F50061905A /* LandmarkList.swift */; };
		724238CF27A06D8100989A70 /* FavoriteButton.swift in Sources */ = {isa = PBXBuildFile; fileRef = 724238CE27A06D8100989A70 /* FavoriteButton.swift */; };
		724238D427A2EE3500989A70 /* HexagonParameters.swift in Sources */ = {isa = PBXBuildFile; fileRef = 724238D327A2EE3500989A70 /* HexagonParameters.swift */; };
		724238D627A2EFBE00989A70 /* BadgeBackground.swift in Sources */ = {isa = PBXBuildFile; fileRef = 724238D527A2EFBE00989A70 /* BadgeBackground.swift */; };
		724238D827A3DA9E00989A70 /* BadgeSymbol.swift in Sources */ = {isa = PBXBuildFile; fileRef = 724238D727A3DA9E00989A70 /* BadgeSymbol.swift */; };
		724238DA27A3DBCB00989A70 /* RotatedBadgeSymbol.swift in Sources */ = {isa = PBXBuildFile; fileRef = 724238D927A3DBCB00989A70 /* RotatedBadgeSymbol.swift */; };
		724238DC27A4282600989A70 /* Badge.swift in Sources */ = {isa = PBXBuildFile; fileRef = 724238DB27A4282600989A70 /* Badge.swift */; };
		727524D327AFAD700056A4AC /* ProfileEditor.swift in Sources */ = {isa = PBXBuildFile; fileRef = 727524D227AFAD700056A4AC /* ProfileEditor.swift */; };
		729CBC4327A57C8500059BA8 /* hikeData.json in Resources */ = {isa = PBXBuildFile; fileRef = 729CBC4227A57C8500059BA8 /* hikeData.json */; };
		729CBC4527A57CDA00059BA8 /* Hike.swift in Sources */ = {isa = PBXBuildFile; fileRef = 729CBC4427A57CDA00059BA8 /* Hike.swift */; };
		729CBC4B27A57D9E00059BA8 /* GraphCapsule.swift in Sources */ = {isa = PBXBuildFile; fileRef = 729CBC4727A57D9E00059BA8 /* GraphCapsule.swift */; };
		729CBC4C27A57D9E00059BA8 /* HikeGraph.swift in Sources */ = {isa = PBXBuildFile; fileRef = 729CBC4827A57D9E00059BA8 /* HikeGraph.swift */; };
		729CBC4D27A57D9E00059BA8 /* HikeDetail.swift in Sources */ = {isa = PBXBuildFile; fileRef = 729CBC4927A57D9E00059BA8 /* HikeDetail.swift */; };
		729CBC4E27A57D9E00059BA8 /* HikeView.swift in Sources */ = {isa = PBXBuildFile; fileRef = 729CBC4A27A57D9E00059BA8 /* HikeView.swift */; };
		72A96F0427B587B000B7F731 /* PageControl.swift in Sources */ = {isa = PBXBuildFile; fileRef = 72A96F0327B587B000B7F731 /* PageControl.swift */; };
		72AAF23D279B2B08009B4A64 /* LandmarkDetail.swift in Sources */ = {isa = PBXBuildFile; fileRef = 72AAF23C279B2B08009B4A64 /* LandmarkDetail.swift */; };
		72CD8EB427BABCF200FEC54E /* Assets.xcassets in Resources */ = {isa = PBXBuildFile; fileRef = 72CD8EB327BABCF200FEC54E /* Assets.xcassets */; };
		72CD8EBA27BABCF200FEC54E /* WatchLandmarks WatchKit Extension.appex in Embed App Extensions */ = {isa = PBXBuildFile; fileRef = 72CD8EB927BABCF200FEC54E /* WatchLandmarks WatchKit Extension.appex */; settings = {ATTRIBUTES = (RemoveHeadersOnCopy, ); }; };
		72CD8EC127BABCF200FEC54E /* ContentView.swift in Sources */ = {isa = PBXBuildFile; fileRef = 72CD8EC027BABCF200FEC54E /* ContentView.swift */; };
		72CD8EC327BABCF200FEC54E /* NotificationController.swift in Sources */ = {isa = PBXBuildFile; fileRef = 72CD8EC227BABCF200FEC54E /* NotificationController.swift */; };
		72CD8EC527BABCF200FEC54E /* NotificationView.swift in Sources */ = {isa = PBXBuildFile; fileRef = 72CD8EC427BABCF200FEC54E /* NotificationView.swift */; };
		72CD8EC727BABCF200FEC54E /* ComplicationController.swift in Sources */ = {isa = PBXBuildFile; fileRef = 72CD8EC627BABCF200FEC54E /* ComplicationController.swift */; };
		72CD8EC927BABCF300FEC54E /* Assets.xcassets in Resources */ = {isa = PBXBuildFile; fileRef = 72CD8EC827BABCF300FEC54E /* Assets.xcassets */; };
		72CD8ECC27BABCF300FEC54E /* Preview Assets.xcassets in Resources */ = {isa = PBXBuildFile; fileRef = 72CD8ECB27BABCF300FEC54E /* Preview Assets.xcassets */; };
		72CD8ED127BABCF300FEC54E /* WatchLandmarks.app in Embed Watch Content */ = {isa = PBXBuildFile; fileRef = 72CD8EB127BABCF000FEC54E /* WatchLandmarks.app */; settings = {ATTRIBUTES = (RemoveHeadersOnCopy, ); }; };
		72CD8EDA27BAC12100FEC54E /* LandmarkRow.swift in Sources */ = {isa = PBXBuildFile; fileRef = 72354639279868480061905A /* LandmarkRow.swift */; };
		72CD8EDB27BAC12100FEC54E /* LandmarksApp.swift in Sources */ = {isa = PBXBuildFile; fileRef = 72DB1F942791E12B00FD46DD /* LandmarksApp.swift */; };
		72CD8EDC27BAC12100FEC54E /* Profile.swift in Sources */ = {isa = PBXBuildFile; fileRef = 72D2C19827AEBEEB009481B4 /* Profile.swift */; };
		72CD8EDD27BAC12100FEC54E /* landmarkData.json in Resources */ = {isa = PBXBuildFile; fileRef = 720B8A4027973E4000A713D2 /* landmarkData.json */; };
		72CD8EDE27BAC12100FEC54E /* Hike.swift in Sources */ = {isa = PBXBuildFile; fileRef = 729CBC4427A57CDA00059BA8 /* Hike.swift */; };
		72CD8EDF27BAC12100FEC54E /* CircleImage.swift in Sources */ = {isa = PBXBuildFile; fileRef = 72DB1FA22794580800FD46DD /* CircleImage.swift */; };
		72CD8EE027BAC12100FEC54E /* MapView.swift in Sources */ = {isa = PBXBuildFile; fileRef = 72DB1FA427946ECE00FD46DD /* MapView.swift */; };
		72CD8EE127BAC12100FEC54E /* Landmark.swift in Sources */ = {isa = PBXBuildFile; fileRef = 720B8A4227973EA700A713D2 /* Landmark.swift */; };
		72CD8EE227BAC12100FEC54E /* LandmarkList.swift in Sources */ = {isa = PBXBuildFile; fileRef = 7235463B2799D3F50061905A /* LandmarkList.swift */; };
		72CD8EE327BAC12100FEC54E /* ModelData.swift in Sources */ = {isa = PBXBuildFile; fileRef = 720B8A442797413000A713D2 /* ModelData.swift */; };
		72CD8EE427BAC12100FEC54E /* hikeData.json in Resources */ = {isa = PBXBuildFile; fileRef = 729CBC4227A57C8500059BA8 /* hikeData.json */; };
		72CD8EE527BAC12100FEC54E /* Assets.xcassets in Resources */ = {isa = PBXBuildFile; fileRef = 72DB1F982791E12C00FD46DD /* Assets.xcassets */; };
		72CD8EE727BAC4EB00FEC54E /* LandmarkDetail.swift in Sources */ = {isa = PBXBuildFile; fileRef = 72CD8EE627BAC4EB00FEC54E /* LandmarkDetail.swift */; };
		72D2C19327A9904A009481B4 /* CategoryHome.swift in Sources */ = {isa = PBXBuildFile; fileRef = 72D2C19227A9904A009481B4 /* CategoryHome.swift */; };
		72D2C19527AAF0BD009481B4 /* CategoryRow.swift in Sources */ = {isa = PBXBuildFile; fileRef = 72D2C19427AAF0BD009481B4 /* CategoryRow.swift */; };
		72D2C19727AAF17B009481B4 /* CategoryItem.swift in Sources */ = {isa = PBXBuildFile; fileRef = 72D2C19627AAF17B009481B4 /* CategoryItem.swift */; };
		72D2C19927AEBEEB009481B4 /* Profile.swift in Sources */ = {isa = PBXBuildFile; fileRef = 72D2C19827AEBEEB009481B4 /* Profile.swift */; };
		72D2C19C27AEBFCC009481B4 /* ProfileHost.swift in Sources */ = {isa = PBXBuildFile; fileRef = 72D2C19B27AEBFCC009481B4 /* ProfileHost.swift */; };
		72D2C19E27AEC06F009481B4 /* ProfileSummary.swift in Sources */ = {isa = PBXBuildFile; fileRef = 72D2C19D27AEC06F009481B4 /* ProfileSummary.swift */; };
		72D2C1A027AEC347009481B4 /* HikeBadge.swift in Sources */ = {isa = PBXBuildFile; fileRef = 72D2C19F27AEC347009481B4 /* HikeBadge.swift */; };
		72DB1F952791E12B00FD46DD /* LandmarksApp.swift in Sources */ = {isa = PBXBuildFile; fileRef = 72DB1F942791E12B00FD46DD /* LandmarksApp.swift */; };
		72DB1F972791E12B00FD46DD /* ContentView.swift in Sources */ = {isa = PBXBuildFile; fileRef = 72DB1F962791E12B00FD46DD /* ContentView.swift */; };
		72DB1F992791E12C00FD46DD /* Assets.xcassets in Resources */ = {isa = PBXBuildFile; fileRef = 72DB1F982791E12C00FD46DD /* Assets.xcassets */; };
		72DB1F9C2791E12C00FD46DD /* Preview Assets.xcassets in Resources */ = {isa = PBXBuildFile; fileRef = 72DB1F9B2791E12C00FD46DD /* Preview Assets.xcassets */; };
		72DB1FA32794580800FD46DD /* CircleImage.swift in Sources */ = {isa = PBXBuildFile; fileRef = 72DB1FA22794580800FD46DD /* CircleImage.swift */; };
		72DB1FA527946ECE00FD46DD /* MapView.swift in Sources */ = {isa = PBXBuildFile; fileRef = 72DB1FA427946ECE00FD46DD /* MapView.swift */; };
		72E95C9D27C164B300B013E9 /* ContentView.swift in Sources */ = {isa = PBXBuildFile; fileRef = 72E95C9C27C164B300B013E9 /* ContentView.swift */; };
		72E95C9F27C164B500B013E9 /* Assets.xcassets in Resources */ = {isa = PBXBuildFile; fileRef = 72E95C9E27C164B500B013E9 /* Assets.xcassets */; };
		72E95CA227C164B500B013E9 /* Preview Assets.xcassets in Resources */ = {isa = PBXBuildFile; fileRef = 72E95CA127C164B500B013E9 /* Preview Assets.xcassets */; };
		72E95CA727C166F200B013E9 /* LandmarkList.swift in Sources */ = {isa = PBXBuildFile; fileRef = 7235463B2799D3F50061905A /* LandmarkList.swift */; };
		72E95CA827C166F200B013E9 /* MapView.swift in Sources */ = {isa = PBXBuildFile; fileRef = 72DB1FA427946ECE00FD46DD /* MapView.swift */; };
		72E95CA927C166F200B013E9 /* ModelData.swift in Sources */ = {isa = PBXBuildFile; fileRef = 720B8A442797413000A713D2 /* ModelData.swift */; };
		72E95CAA27C166F200B013E9 /* LandmarksApp.swift in Sources */ = {isa = PBXBuildFile; fileRef = 72DB1F942791E12B00FD46DD /* LandmarksApp.swift */; };
		72E95CAB27C166F200B013E9 /* Hike.swift in Sources */ = {isa = PBXBuildFile; fileRef = 729CBC4427A57CDA00059BA8 /* Hike.swift */; };
		72E95CAC27C166F200B013E9 /* LandmarkRow.swift in Sources */ = {isa = PBXBuildFile; fileRef = 72354639279868480061905A /* LandmarkRow.swift */; };
		72E95CAD27C166F200B013E9 /* Landmark.swift in Sources */ = {isa = PBXBuildFile; fileRef = 720B8A4227973EA700A713D2 /* Landmark.swift */; };
		72E95CAE27C166F200B013E9 /* Assets.xcassets in Resources */ = {isa = PBXBuildFile; fileRef = 72DB1F982791E12C00FD46DD /* Assets.xcassets */; };
		72E95CAF27C166F200B013E9 /* Profile.swift in Sources */ = {isa = PBXBuildFile; fileRef = 72D2C19827AEBEEB009481B4 /* Profile.swift */; };
		72E95CB027C166F200B013E9 /* CircleImage.swift in Sources */ = {isa = PBXBuildFile; fileRef = 72DB1FA22794580800FD46DD /* CircleImage.swift */; };
		72E95CB127C166F200B013E9 /* hikeData.json in Resources */ = {isa = PBXBuildFile; fileRef = 729CBC4227A57C8500059BA8 /* hikeData.json */; };
		72E95CB227C166F200B013E9 /* landmarkData.json in Resources */ = {isa = PBXBuildFile; fileRef = 720B8A4027973E4000A713D2 /* landmarkData.json */; };
		72E95CB327C166F200B013E9 /* FavoriteButton.swift in Sources */ = {isa = PBXBuildFile; fileRef = 724238CE27A06D8100989A70 /* FavoriteButton.swift */; };
		72F10E2E27B15C460036EB34 /* PageViewController.swift in Sources */ = {isa = PBXBuildFile; fileRef = 72F10E2D27B15C460036EB34 /* PageViewController.swift */; };
		72F10E3027B15EFA0036EB34 /* FeatureCard.swift in Sources */ = {isa = PBXBuildFile; fileRef = 72F10E2F27B15EFA0036EB34 /* FeatureCard.swift */; };
		72F10E3327B15FD80036EB34 /* PageView.swift in Sources */ = {isa = PBXBuildFile; fileRef = 72F10E3227B15FD80036EB34 /* PageView.swift */; };
/* End PBXBuildFile section */

/* Begin PBXContainerItemProxy section */
		72CD8EBB27BABCF200FEC54E /* PBXContainerItemProxy */ = {
			isa = PBXContainerItemProxy;
			containerPortal = 72DB1F892791E12B00FD46DD /* Project object */;
			proxyType = 1;
			remoteGlobalIDString = 72CD8EB827BABCF200FEC54E;
			remoteInfo = "WatchLandmarks WatchKit Extension";
		};
		72CD8ECF27BABCF300FEC54E /* PBXContainerItemProxy */ = {
			isa = PBXContainerItemProxy;
			containerPortal = 72DB1F892791E12B00FD46DD /* Project object */;
			proxyType = 1;
			remoteGlobalIDString = 72CD8EB027BABCF000FEC54E;
			remoteInfo = WatchLandmarks;
		};
/* End PBXContainerItemProxy section */

/* Begin PBXCopyFilesBuildPhase section */
		72CD8ED227BABCF300FEC54E /* Embed Watch Content */ = {
			isa = PBXCopyFilesBuildPhase;
			buildActionMask = 2147483647;
			dstPath = "$(CONTENTS_FOLDER_PATH)/Watch";
			dstSubfolderSpec = 16;
			files = (
				72CD8ED127BABCF300FEC54E /* WatchLandmarks.app in Embed Watch Content */,
			);
			name = "Embed Watch Content";
			runOnlyForDeploymentPostprocessing = 0;
		};
		72CD8ED527BABCF300FEC54E /* Embed App Extensions */ = {
			isa = PBXCopyFilesBuildPhase;
			buildActionMask = 2147483647;
			dstPath = "";
			dstSubfolderSpec = 13;
			files = (
				72CD8EBA27BABCF200FEC54E /* WatchLandmarks WatchKit Extension.appex in Embed App Extensions */,
			);
			name = "Embed App Extensions";
			runOnlyForDeploymentPostprocessing = 0;
		};
/* End PBXCopyFilesBuildPhase section */

/* Begin PBXFileReference section */
		720B8A4027973E4000A713D2 /* landmarkData.json */ = {isa = PBXFileReference; fileEncoding = 4; lastKnownFileType = text.json; path = landmarkData.json; sourceTree = "<group>"; };
		720B8A4227973EA700A713D2 /* Landmark.swift */ = {isa = PBXFileReference; lastKnownFileType = sourcecode.swift; path = Landmark.swift; sourceTree = "<group>"; };
		720B8A442797413000A713D2 /* ModelData.swift */ = {isa = PBXFileReference; lastKnownFileType = sourcecode.swift; path = ModelData.swift; sourceTree = "<group>"; };
		72354639279868480061905A /* LandmarkRow.swift */ = {isa = PBXFileReference; lastKnownFileType = sourcecode.swift; path = LandmarkRow.swift; sourceTree = "<group>"; };
		7235463B2799D3F50061905A /* LandmarkList.swift */ = {isa = PBXFileReference; lastKnownFileType = sourcecode.swift; path = LandmarkList.swift; sourceTree = "<group>"; };
		724238CE27A06D8100989A70 /* FavoriteButton.swift */ = {isa = PBXFileReference; lastKnownFileType = sourcecode.swift; path = FavoriteButton.swift; sourceTree = "<group>"; };
		724238D327A2EE3500989A70 /* HexagonParameters.swift */ = {isa = PBXFileReference; lastKnownFileType = sourcecode.swift; path = HexagonParameters.swift; sourceTree = "<group>"; };
		724238D527A2EFBE00989A70 /* BadgeBackground.swift */ = {isa = PBXFileReference; lastKnownFileType = sourcecode.swift; path = BadgeBackground.swift; sourceTree = "<group>"; };
		724238D727A3DA9E00989A70 /* BadgeSymbol.swift */ = {isa = PBXFileReference; lastKnownFileType = sourcecode.swift; path = BadgeSymbol.swift; sourceTree = "<group>"; };
		724238D927A3DBCB00989A70 /* RotatedBadgeSymbol.swift */ = {isa = PBXFileReference; lastKnownFileType = sourcecode.swift; path = RotatedBadgeSymbol.swift; sourceTree = "<group>"; };
		724238DB27A4282600989A70 /* Badge.swift */ = {isa = PBXFileReference; lastKnownFileType = sourcecode.swift; path = Badge.swift; sourceTree = "<group>"; };
		727524D227AFAD700056A4AC /* ProfileEditor.swift */ = {isa = PBXFileReference; lastKnownFileType = sourcecode.swift; path = ProfileEditor.swift; sourceTree = "<group>"; };
		729CBC4227A57C8500059BA8 /* hikeData.json */ = {isa = PBXFileReference; fileEncoding = 4; lastKnownFileType = text.json; path = hikeData.json; sourceTree = "<group>"; };
		729CBC4427A57CDA00059BA8 /* Hike.swift */ = {isa = PBXFileReference; lastKnownFileType = sourcecode.swift; path = Hike.swift; sourceTree = "<group>"; };
		729CBC4727A57D9E00059BA8 /* GraphCapsule.swift */ = {isa = PBXFileReference; fileEncoding = 4; lastKnownFileType = sourcecode.swift; path = GraphCapsule.swift; sourceTree = "<group>"; };
		729CBC4827A57D9E00059BA8 /* HikeGraph.swift */ = {isa = PBXFileReference; fileEncoding = 4; lastKnownFileType = sourcecode.swift; path = HikeGraph.swift; sourceTree = "<group>"; };
		729CBC4927A57D9E00059BA8 /* HikeDetail.swift */ = {isa = PBXFileReference; fileEncoding = 4; lastKnownFileType = sourcecode.swift; path = HikeDetail.swift; sourceTree = "<group>"; };
		729CBC4A27A57D9E00059BA8 /* HikeView.swift */ = {isa = PBXFileReference; fileEncoding = 4; lastKnownFileType = sourcecode.swift; path = HikeView.swift; sourceTree = "<group>"; };
		72A96F0327B587B000B7F731 /* PageControl.swift */ = {isa = PBXFileReference; lastKnownFileType = sourcecode.swift; path = PageControl.swift; sourceTree = "<group>"; };
		72AAF23C279B2B08009B4A64 /* LandmarkDetail.swift */ = {isa = PBXFileReference; lastKnownFileType = sourcecode.swift; path = LandmarkDetail.swift; sourceTree = "<group>"; };
		72CD8EB127BABCF000FEC54E /* WatchLandmarks.app */ = {isa = PBXFileReference; explicitFileType = wrapper.application; includeInIndex = 0; path = WatchLandmarks.app; sourceTree = BUILT_PRODUCTS_DIR; };
		72CD8EB327BABCF200FEC54E /* Assets.xcassets */ = {isa = PBXFileReference; lastKnownFileType = folder.assetcatalog; path = Assets.xcassets; sourceTree = "<group>"; };
		72CD8EB927BABCF200FEC54E /* WatchLandmarks WatchKit Extension.appex */ = {isa = PBXFileReference; explicitFileType = "wrapper.app-extension"; includeInIndex = 0; path = "WatchLandmarks WatchKit Extension.appex"; sourceTree = BUILT_PRODUCTS_DIR; };
		72CD8EC027BABCF200FEC54E /* ContentView.swift */ = {isa = PBXFileReference; lastKnownFileType = sourcecode.swift; path = ContentView.swift; sourceTree = "<group>"; };
		72CD8EC227BABCF200FEC54E /* NotificationController.swift */ = {isa = PBXFileReference; lastKnownFileType = sourcecode.swift; path = NotificationController.swift; sourceTree = "<group>"; };
		72CD8EC427BABCF200FEC54E /* NotificationView.swift */ = {isa = PBXFileReference; lastKnownFileType = sourcecode.swift; path = NotificationView.swift; sourceTree = "<group>"; };
		72CD8EC627BABCF200FEC54E /* ComplicationController.swift */ = {isa = PBXFileReference; lastKnownFileType = sourcecode.swift; path = ComplicationController.swift; sourceTree = "<group>"; };
		72CD8EC827BABCF300FEC54E /* Assets.xcassets */ = {isa = PBXFileReference; lastKnownFileType = folder.assetcatalog; path = Assets.xcassets; sourceTree = "<group>"; };
		72CD8ECB27BABCF300FEC54E /* Preview Assets.xcassets */ = {isa = PBXFileReference; lastKnownFileType = folder.assetcatalog; path = "Preview Assets.xcassets"; sourceTree = "<group>"; };
		72CD8ECD27BABCF300FEC54E /* Info.plist */ = {isa = PBXFileReference; lastKnownFileType = text.plist.xml; path = Info.plist; sourceTree = "<group>"; };
		72CD8ECE27BABCF300FEC54E /* PushNotificationPayload.apns */ = {isa = PBXFileReference; lastKnownFileType = text; path = PushNotificationPayload.apns; sourceTree = "<group>"; };
		72CD8EE627BAC4EB00FEC54E /* LandmarkDetail.swift */ = {isa = PBXFileReference; lastKnownFileType = sourcecode.swift; path = LandmarkDetail.swift; sourceTree = "<group>"; };
		72D2C19227A9904A009481B4 /* CategoryHome.swift */ = {isa = PBXFileReference; lastKnownFileType = sourcecode.swift; path = CategoryHome.swift; sourceTree = "<group>"; };
		72D2C19427AAF0BD009481B4 /* CategoryRow.swift */ = {isa = PBXFileReference; lastKnownFileType = sourcecode.swift; path = CategoryRow.swift; sourceTree = "<group>"; };
		72D2C19627AAF17B009481B4 /* CategoryItem.swift */ = {isa = PBXFileReference; lastKnownFileType = sourcecode.swift; path = CategoryItem.swift; sourceTree = "<group>"; };
		72D2C19827AEBEEB009481B4 /* Profile.swift */ = {isa = PBXFileReference; lastKnownFileType = sourcecode.swift; path = Profile.swift; sourceTree = "<group>"; };
		72D2C19B27AEBFCC009481B4 /* ProfileHost.swift */ = {isa = PBXFileReference; lastKnownFileType = sourcecode.swift; path = ProfileHost.swift; sourceTree = "<group>"; };
		72D2C19D27AEC06F009481B4 /* ProfileSummary.swift */ = {isa = PBXFileReference; lastKnownFileType = sourcecode.swift; path = ProfileSummary.swift; sourceTree = "<group>"; };
		72D2C19F27AEC347009481B4 /* HikeBadge.swift */ = {isa = PBXFileReference; lastKnownFileType = sourcecode.swift; path = HikeBadge.swift; sourceTree = "<group>"; };
		72DB1F912791E12B00FD46DD /* Landmarks.app */ = {isa = PBXFileReference; explicitFileType = wrapper.application; includeInIndex = 0; path = Landmarks.app; sourceTree = BUILT_PRODUCTS_DIR; };
		72DB1F942791E12B00FD46DD /* LandmarksApp.swift */ = {isa = PBXFileReference; lastKnownFileType = sourcecode.swift; path = LandmarksApp.swift; sourceTree = "<group>"; };
		72DB1F962791E12B00FD46DD /* ContentView.swift */ = {isa = PBXFileReference; lastKnownFileType = sourcecode.swift; path = ContentView.swift; sourceTree = "<group>"; };
		72DB1F982791E12C00FD46DD /* Assets.xcassets */ = {isa = PBXFileReference; lastKnownFileType = folder.assetcatalog; path = Assets.xcassets; sourceTree = "<group>"; };
		72DB1F9B2791E12C00FD46DD /* Preview Assets.xcassets */ = {isa = PBXFileReference; lastKnownFileType = folder.assetcatalog; path = "Preview Assets.xcassets"; sourceTree = "<group>"; };
		72DB1FA22794580800FD46DD /* CircleImage.swift */ = {isa = PBXFileReference; lastKnownFileType = sourcecode.swift; path = CircleImage.swift; sourceTree = "<group>"; };
		72DB1FA427946ECE00FD46DD /* MapView.swift */ = {isa = PBXFileReference; lastKnownFileType = sourcecode.swift; path = MapView.swift; sourceTree = "<group>"; };
		72E95C9827C164B300B013E9 /* MacLandmarks.app */ = {isa = PBXFileReference; explicitFileType = wrapper.application; includeInIndex = 0; path = MacLandmarks.app; sourceTree = BUILT_PRODUCTS_DIR; };
		72E95C9C27C164B300B013E9 /* ContentView.swift */ = {isa = PBXFileReference; lastKnownFileType = sourcecode.swift; path = ContentView.swift; sourceTree = "<group>"; };
		72E95C9E27C164B500B013E9 /* Assets.xcassets */ = {isa = PBXFileReference; lastKnownFileType = folder.assetcatalog; path = Assets.xcassets; sourceTree = "<group>"; };
		72E95CA127C164B500B013E9 /* Preview Assets.xcassets */ = {isa = PBXFileReference; lastKnownFileType = folder.assetcatalog; path = "Preview Assets.xcassets"; sourceTree = "<group>"; };
		72E95CA327C164B500B013E9 /* MacLandmarks.entitlements */ = {isa = PBXFileReference; lastKnownFileType = text.plist.entitlements; path = MacLandmarks.entitlements; sourceTree = "<group>"; };
		72F10E2D27B15C460036EB34 /* PageViewController.swift */ = {isa = PBXFileReference; lastKnownFileType = sourcecode.swift; path = PageViewController.swift; sourceTree = "<group>"; };
		72F10E2F27B15EFA0036EB34 /* FeatureCard.swift */ = {isa = PBXFileReference; lastKnownFileType = sourcecode.swift; path = FeatureCard.swift; sourceTree = "<group>"; };
		72F10E3227B15FD80036EB34 /* PageView.swift */ = {isa = PBXFileReference; lastKnownFileType = sourcecode.swift; path = PageView.swift; sourceTree = "<group>"; };
/* End PBXFileReference section */

/* Begin PBXFrameworksBuildPhase section */
		72CD8EB627BABCF200FEC54E /* Frameworks */ = {
			isa = PBXFrameworksBuildPhase;
			buildActionMask = 2147483647;
			files = (
			);
			runOnlyForDeploymentPostprocessing = 0;
		};
		72DB1F8E2791E12B00FD46DD /* Frameworks */ = {
			isa = PBXFrameworksBuildPhase;
			buildActionMask = 2147483647;
			files = (
			);
			runOnlyForDeploymentPostprocessing = 0;
		};
		72E95C9527C164B300B013E9 /* Frameworks */ = {
			isa = PBXFrameworksBuildPhase;
			buildActionMask = 2147483647;
			files = (
			);
			runOnlyForDeploymentPostprocessing = 0;
		};
/* End PBXFrameworksBuildPhase section */

/* Begin PBXGroup section */
		720B8A462797428200A713D2 /* Views */ = {
			isa = PBXGroup;
			children = (
				72DB1F962791E12B00FD46DD /* ContentView.swift */,
				72F10E2C27B15C1B0036EB34 /* PageView */,
				72D2C19A27AEBF56009481B4 /* Profiles */,
				72D2C19127A9901B009481B4 /* Categories */,
				729CBC4627A57D9E00059BA8 /* Hikes */,
				724238DD27A4297A00989A70 /* Badges */,
				724238D227A06EFA00989A70 /* Landmarks */,
				724238D027A06E6700989A70 /* Helpers */,
			);
			path = Views;
			sourceTree = "<group>";
		};
		720B8A47279742FC00A713D2 /* Resources */ = {
			isa = PBXGroup;
			children = (
				729CBC4227A57C8500059BA8 /* hikeData.json */,
				720B8A4027973E4000A713D2 /* landmarkData.json */,
			);
			path = Resources;
			sourceTree = "<group>";
		};
		720B8A482797438900A713D2 /* Model */ = {
			isa = PBXGroup;
			children = (
				729CBC4427A57CDA00059BA8 /* Hike.swift */,
				720B8A442797413000A713D2 /* ModelData.swift */,
				720B8A4227973EA700A713D2 /* Landmark.swift */,
				72D2C19827AEBEEB009481B4 /* Profile.swift */,
			);
			path = Model;
			sourceTree = "<group>";
		};
		724238D027A06E6700989A70 /* Helpers */ = {
			isa = PBXGroup;
			children = (
				72F10E2F27B15EFA0036EB34 /* FeatureCard.swift */,
				72DB1FA22794580800FD46DD /* CircleImage.swift */,
				72DB1FA427946ECE00FD46DD /* MapView.swift */,
				724238CE27A06D8100989A70 /* FavoriteButton.swift */,
			);
			path = Helpers;
			sourceTree = "<group>";
		};
		724238D227A06EFA00989A70 /* Landmarks */ = {
			isa = PBXGroup;
			children = (
				7235463B2799D3F50061905A /* LandmarkList.swift */,
				72354639279868480061905A /* LandmarkRow.swift */,
				72AAF23C279B2B08009B4A64 /* LandmarkDetail.swift */,
			);
			path = Landmarks;
			sourceTree = "<group>";
		};
		724238DD27A4297A00989A70 /* Badges */ = {
			isa = PBXGroup;
			children = (
				724238DB27A4282600989A70 /* Badge.swift */,
				724238D527A2EFBE00989A70 /* BadgeBackground.swift */,
				724238D727A3DA9E00989A70 /* BadgeSymbol.swift */,
				724238D927A3DBCB00989A70 /* RotatedBadgeSymbol.swift */,
				724238D327A2EE3500989A70 /* HexagonParameters.swift */,
			);
			path = Badges;
			sourceTree = "<group>";
		};
		729CBC4627A57D9E00059BA8 /* Hikes */ = {
			isa = PBXGroup;
			children = (
				729CBC4727A57D9E00059BA8 /* GraphCapsule.swift */,
				729CBC4827A57D9E00059BA8 /* HikeGraph.swift */,
				729CBC4927A57D9E00059BA8 /* HikeDetail.swift */,
				729CBC4A27A57D9E00059BA8 /* HikeView.swift */,
				72D2C19F27AEC347009481B4 /* HikeBadge.swift */,
			);
			path = Hikes;
			sourceTree = "<group>";
		};
		72CD8EB227BABCF000FEC54E /* WatchLandmarks */ = {
			isa = PBXGroup;
			children = (
				72CD8EB327BABCF200FEC54E /* Assets.xcassets */,
			);
			path = WatchLandmarks;
			sourceTree = "<group>";
		};
		72CD8EBD27BABCF200FEC54E /* WatchLandmarks WatchKit Extension */ = {
			isa = PBXGroup;
			children = (
				72CD8EE627BAC4EB00FEC54E /* LandmarkDetail.swift */,
				72CD8EC027BABCF200FEC54E /* ContentView.swift */,
				72CD8EC227BABCF200FEC54E /* NotificationController.swift */,
				72CD8EC427BABCF200FEC54E /* NotificationView.swift */,
				72CD8EC627BABCF200FEC54E /* ComplicationController.swift */,
				72CD8EC827BABCF300FEC54E /* Assets.xcassets */,
				72CD8ECD27BABCF300FEC54E /* Info.plist */,
				72CD8ECE27BABCF300FEC54E /* PushNotificationPayload.apns */,
				72CD8ECA27BABCF300FEC54E /* Preview Content */,
			);
			path = "WatchLandmarks WatchKit Extension";
			sourceTree = "<group>";
		};
		72CD8ECA27BABCF300FEC54E /* Preview Content */ = {
			isa = PBXGroup;
			children = (
				72CD8ECB27BABCF300FEC54E /* Preview Assets.xcassets */,
			);
			path = "Preview Content";
			sourceTree = "<group>";
		};
		72D2C19127A9901B009481B4 /* Categories */ = {
			isa = PBXGroup;
			children = (
				72D2C19227A9904A009481B4 /* CategoryHome.swift */,
				72D2C19427AAF0BD009481B4 /* CategoryRow.swift */,
				72D2C19627AAF17B009481B4 /* CategoryItem.swift */,
			);
			path = Categories;
			sourceTree = "<group>";
		};
		72D2C19A27AEBF56009481B4 /* Profiles */ = {
			isa = PBXGroup;
			children = (
				72D2C19B27AEBFCC009481B4 /* ProfileHost.swift */,
				72D2C19D27AEC06F009481B4 /* ProfileSummary.swift */,
				727524D227AFAD700056A4AC /* ProfileEditor.swift */,
			);
			path = Profiles;
			sourceTree = "<group>";
		};
		72DB1F882791E12B00FD46DD = {
			isa = PBXGroup;
			children = (
				72DB1F932791E12B00FD46DD /* Landmarks */,
				72CD8EB227BABCF000FEC54E /* WatchLandmarks */,
				72CD8EBD27BABCF200FEC54E /* WatchLandmarks WatchKit Extension */,
				72E95C9927C164B300B013E9 /* MacLandmarks */,
				72DB1F922791E12B00FD46DD /* Products */,
			);
			sourceTree = "<group>";
		};
		72DB1F922791E12B00FD46DD /* Products */ = {
			isa = PBXGroup;
			children = (
				72DB1F912791E12B00FD46DD /* Landmarks.app */,
				72CD8EB127BABCF000FEC54E /* WatchLandmarks.app */,
				72CD8EB927BABCF200FEC54E /* WatchLandmarks WatchKit Extension.appex */,
				72E95C9827C164B300B013E9 /* MacLandmarks.app */,
			);
			name = Products;
			sourceTree = "<group>";
		};
		72DB1F932791E12B00FD46DD /* Landmarks */ = {
			isa = PBXGroup;
			children = (
				72DB1F982791E12C00FD46DD /* Assets.xcassets */,
				72DB1F942791E12B00FD46DD /* LandmarksApp.swift */,
				720B8A462797428200A713D2 /* Views */,
				720B8A482797438900A713D2 /* Model */,
				720B8A47279742FC00A713D2 /* Resources */,
				72DB1F9A2791E12C00FD46DD /* Preview Content */,
			);
			path = Landmarks;
			sourceTree = "<group>";
		};
		72DB1F9A2791E12C00FD46DD /* Preview Content */ = {
			isa = PBXGroup;
			children = (
				72DB1F9B2791E12C00FD46DD /* Preview Assets.xcassets */,
			);
			path = "Preview Content";
			sourceTree = "<group>";
		};
		72E95C9927C164B300B013E9 /* MacLandmarks */ = {
			isa = PBXGroup;
			children = (
				72E95C9C27C164B300B013E9 /* ContentView.swift */,
				72E95C9E27C164B500B013E9 /* Assets.xcassets */,
				72E95CA327C164B500B013E9 /* MacLandmarks.entitlements */,
				72E95CA027C164B500B013E9 /* Preview Content */,
			);
			path = MacLandmarks;
			sourceTree = "<group>";
		};
		72E95CA027C164B500B013E9 /* Preview Content */ = {
			isa = PBXGroup;
			children = (
				72E95CA127C164B500B013E9 /* Preview Assets.xcassets */,
			);
			path = "Preview Content";
			sourceTree = "<group>";
		};
		72F10E2C27B15C1B0036EB34 /* PageView */ = {
			isa = PBXGroup;
			children = (
				72F10E3227B15FD80036EB34 /* PageView.swift */,
				72F10E2D27B15C460036EB34 /* PageViewController.swift */,
				72A96F0327B587B000B7F731 /* PageControl.swift */,
			);
			path = PageView;
			sourceTree = "<group>";
		};
/* End PBXGroup section */

/* Begin PBXNativeTarget section */
		72CD8EB027BABCF000FEC54E /* WatchLandmarks */ = {
			isa = PBXNativeTarget;
			buildConfigurationList = 72CD8ED927BABCF300FEC54E /* Build configuration list for PBXNativeTarget "WatchLandmarks" */;
			buildPhases = (
				72CD8EAF27BABCF000FEC54E /* Resources */,
				72CD8ED527BABCF300FEC54E /* Embed App Extensions */,
			);
			buildRules = (
			);
			dependencies = (
				72CD8EBC27BABCF200FEC54E /* PBXTargetDependency */,
			);
			name = WatchLandmarks;
			productName = WatchLandmarks;
			productReference = 72CD8EB127BABCF000FEC54E /* WatchLandmarks.app */;
			productType = "com.apple.product-type.application.watchapp2";
		};
		72CD8EB827BABCF200FEC54E /* WatchLandmarks WatchKit Extension */ = {
			isa = PBXNativeTarget;
			buildConfigurationList = 72CD8ED827BABCF300FEC54E /* Build configuration list for PBXNativeTarget "WatchLandmarks WatchKit Extension" */;
			buildPhases = (
				72CD8EB527BABCF200FEC54E /* Sources */,
				72CD8EB627BABCF200FEC54E /* Frameworks */,
				72CD8EB727BABCF200FEC54E /* Resources */,
			);
			buildRules = (
			);
			dependencies = (
			);
			name = "WatchLandmarks WatchKit Extension";
			productName = "WatchLandmarks WatchKit Extension";
			productReference = 72CD8EB927BABCF200FEC54E /* WatchLandmarks WatchKit Extension.appex */;
			productType = "com.apple.product-type.watchkit2-extension";
		};
		72DB1F902791E12B00FD46DD /* Landmarks */ = {
			isa = PBXNativeTarget;
			buildConfigurationList = 72DB1F9F2791E12C00FD46DD /* Build configuration list for PBXNativeTarget "Landmarks" */;
			buildPhases = (
				72DB1F8D2791E12B00FD46DD /* Sources */,
				72DB1F8E2791E12B00FD46DD /* Frameworks */,
				72DB1F8F2791E12B00FD46DD /* Resources */,
				72CD8ED227BABCF300FEC54E /* Embed Watch Content */,
			);
			buildRules = (
			);
			dependencies = (
				72CD8ED027BABCF300FEC54E /* PBXTargetDependency */,
			);
			name = Landmarks;
			productName = Landmarks;
			productReference = 72DB1F912791E12B00FD46DD /* Landmarks.app */;
			productType = "com.apple.product-type.application";
		};
		72E95C9727C164B300B013E9 /* MacLandmarks */ = {
			isa = PBXNativeTarget;
			buildConfigurationList = 72E95CA627C164B500B013E9 /* Build configuration list for PBXNativeTarget "MacLandmarks" */;
			buildPhases = (
				72E95C9427C164B300B013E9 /* Sources */,
				72E95C9527C164B300B013E9 /* Frameworks */,
				72E95C9627C164B300B013E9 /* Resources */,
			);
			buildRules = (
			);
			dependencies = (
			);
			name = MacLandmarks;
			productName = MacLandmarks;
			productReference = 72E95C9827C164B300B013E9 /* MacLandmarks.app */;
			productType = "com.apple.product-type.application";
		};
/* End PBXNativeTarget section */

/* Begin PBXProject section */
		72DB1F892791E12B00FD46DD /* Project object */ = {
			isa = PBXProject;
			attributes = {
				BuildIndependentTargetsInParallel = 1;
				LastSwiftUpdateCheck = 1320;
				LastUpgradeCheck = 1320;
				TargetAttributes = {
					72CD8EB027BABCF000FEC54E = {
						CreatedOnToolsVersion = 13.2.1;
					};
					72CD8EB827BABCF200FEC54E = {
						CreatedOnToolsVersion = 13.2.1;
					};
					72DB1F902791E12B00FD46DD = {
						CreatedOnToolsVersion = 13.2.1;
					};
					72E95C9727C164B300B013E9 = {
						CreatedOnToolsVersion = 13.2.1;
					};
				};
			};
			buildConfigurationList = 72DB1F8C2791E12B00FD46DD /* Build configuration list for PBXProject "Landmarks" */;
			compatibilityVersion = "Xcode 13.0";
			developmentRegion = en;
			hasScannedForEncodings = 0;
			knownRegions = (
				en,
				Base,
			);
			mainGroup = 72DB1F882791E12B00FD46DD;
			productRefGroup = 72DB1F922791E12B00FD46DD /* Products */;
			projectDirPath = "";
			projectRoot = "";
			targets = (
				72DB1F902791E12B00FD46DD /* Landmarks */,
				72CD8EB027BABCF000FEC54E /* WatchLandmarks */,
				72CD8EB827BABCF200FEC54E /* WatchLandmarks WatchKit Extension */,
				72E95C9727C164B300B013E9 /* MacLandmarks */,
			);
		};
/* End PBXProject section */

/* Begin PBXResourcesBuildPhase section */
		72CD8EAF27BABCF000FEC54E /* Resources */ = {
			isa = PBXResourcesBuildPhase;
			buildActionMask = 2147483647;
			files = (
				72CD8EB427BABCF200FEC54E /* Assets.xcassets in Resources */,
			);
			runOnlyForDeploymentPostprocessing = 0;
		};
		72CD8EB727BABCF200FEC54E /* Resources */ = {
			isa = PBXResourcesBuildPhase;
			buildActionMask = 2147483647;
			files = (
				72CD8EE427BAC12100FEC54E /* hikeData.json in Resources */,
				72CD8ECC27BABCF300FEC54E /* Preview Assets.xcassets in Resources */,
				72CD8EC927BABCF300FEC54E /* Assets.xcassets in Resources */,
				72CD8EDD27BAC12100FEC54E /* landmarkData.json in Resources */,
				72CD8EE527BAC12100FEC54E /* Assets.xcassets in Resources */,
			);
			runOnlyForDeploymentPostprocessing = 0;
		};
		72DB1F8F2791E12B00FD46DD /* Resources */ = {
			isa = PBXResourcesBuildPhase;
			buildActionMask = 2147483647;
			files = (
				729CBC4327A57C8500059BA8 /* hikeData.json in Resources */,
				72DB1F9C2791E12C00FD46DD /* Preview Assets.xcassets in Resources */,
				72DB1F992791E12C00FD46DD /* Assets.xcassets in Resources */,
				720B8A4127973E4000A713D2 /* landmarkData.json in Resources */,
			);
			runOnlyForDeploymentPostprocessing = 0;
		};
		72E95C9627C164B300B013E9 /* Resources */ = {
			isa = PBXResourcesBuildPhase;
			buildActionMask = 2147483647;
			files = (
				72E95CB127C166F200B013E9 /* hikeData.json in Resources */,
				72E95CA227C164B500B013E9 /* Preview Assets.xcassets in Resources */,
				72E95CAE27C166F200B013E9 /* Assets.xcassets in Resources */,
				72E95CB227C166F200B013E9 /* landmarkData.json in Resources */,
				72E95C9F27C164B500B013E9 /* Assets.xcassets in Resources */,
			);
			runOnlyForDeploymentPostprocessing = 0;
		};
/* End PBXResourcesBuildPhase section */

/* Begin PBXSourcesBuildPhase section */
		72CD8EB527BABCF200FEC54E /* Sources */ = {
			isa = PBXSourcesBuildPhase;
			buildActionMask = 2147483647;
			files = (
				72CD8EC327BABCF200FEC54E /* NotificationController.swift in Sources */,
				72CD8EE127BAC12100FEC54E /* Landmark.swift in Sources */,
				72CD8EDB27BAC12100FEC54E /* LandmarksApp.swift in Sources */,
				72CD8EE327BAC12100FEC54E /* ModelData.swift in Sources */,
				72CD8EC127BABCF200FEC54E /* ContentView.swift in Sources */,
				72CD8EDC27BAC12100FEC54E /* Profile.swift in Sources */,
				72CD8EE727BAC4EB00FEC54E /* LandmarkDetail.swift in Sources */,
				72CD8EC727BABCF200FEC54E /* ComplicationController.swift in Sources */,
				72CD8EDF27BAC12100FEC54E /* CircleImage.swift in Sources */,
				72CD8EE227BAC12100FEC54E /* LandmarkList.swift in Sources */,
				72CD8EDA27BAC12100FEC54E /* LandmarkRow.swift in Sources */,
				72CD8EE027BAC12100FEC54E /* MapView.swift in Sources */,
				72CD8EDE27BAC12100FEC54E /* Hike.swift in Sources */,
				72CD8EC527BABCF200FEC54E /* NotificationView.swift in Sources */,
			);
			runOnlyForDeploymentPostprocessing = 0;
		};
		72DB1F8D2791E12B00FD46DD /* Sources */ = {
			isa = PBXSourcesBuildPhase;
			buildActionMask = 2147483647;
			files = (
				72D2C19527AAF0BD009481B4 /* CategoryRow.swift in Sources */,
				72D2C19927AEBEEB009481B4 /* Profile.swift in Sources */,
				72DB1F972791E12B00FD46DD /* ContentView.swift in Sources */,
				72D2C19327A9904A009481B4 /* CategoryHome.swift in Sources */,
				72F10E3027B15EFA0036EB34 /* FeatureCard.swift in Sources */,
				729CBC4C27A57D9E00059BA8 /* HikeGraph.swift in Sources */,
				724238DC27A4282600989A70 /* Badge.swift in Sources */,
				72DB1FA527946ECE00FD46DD /* MapView.swift in Sources */,
				729CBC4B27A57D9E00059BA8 /* GraphCapsule.swift in Sources */,
				72DB1F952791E12B00FD46DD /* LandmarksApp.swift in Sources */,
				72A96F0427B587B000B7F731 /* PageControl.swift in Sources */,
				724238CF27A06D8100989A70 /* FavoriteButton.swift in Sources */,
				72D2C19727AAF17B009481B4 /* CategoryItem.swift in Sources */,
				729CBC4D27A57D9E00059BA8 /* HikeDetail.swift in Sources */,
				72D2C19E27AEC06F009481B4 /* ProfileSummary.swift in Sources */,
				724238D427A2EE3500989A70 /* HexagonParameters.swift in Sources */,
				72D2C19C27AEBFCC009481B4 /* ProfileHost.swift in Sources */,
				729CBC4527A57CDA00059BA8 /* Hike.swift in Sources */,
				724238DA27A3DBCB00989A70 /* RotatedBadgeSymbol.swift in Sources */,
				72F10E3327B15FD80036EB34 /* PageView.swift in Sources */,
				724238D827A3DA9E00989A70 /* BadgeSymbol.swift in Sources */,
				727524D327AFAD700056A4AC /* ProfileEditor.swift in Sources */,
				7235463C2799D3F50061905A /* LandmarkList.swift in Sources */,
				729CBC4E27A57D9E00059BA8 /* HikeView.swift in Sources */,
				72AAF23D279B2B08009B4A64 /* LandmarkDetail.swift in Sources */,
				72F10E2E27B15C460036EB34 /* PageViewController.swift in Sources */,
				724238D627A2EFBE00989A70 /* BadgeBackground.swift in Sources */,
				72D2C1A027AEC347009481B4 /* HikeBadge.swift in Sources */,
				72DB1FA32794580800FD46DD /* CircleImage.swift in Sources */,
				720B8A4327973EA700A713D2 /* Landmark.swift in Sources */,
				7235463A279868480061905A /* LandmarkRow.swift in Sources */,
				720B8A452797413000A713D2 /* ModelData.swift in Sources */,
			);
			runOnlyForDeploymentPostprocessing = 0;
		};
		72E95C9427C164B300B013E9 /* Sources */ = {
			isa = PBXSourcesBuildPhase;
			buildActionMask = 2147483647;
			files = (
				72E95CAB27C166F200B013E9 /* Hike.swift in Sources */,
				72E95C9D27C164B300B013E9 /* ContentView.swift in Sources */,
				72E95CA927C166F200B013E9 /* ModelData.swift in Sources */,
				72E95CAD27C166F200B013E9 /* Landmark.swift in Sources */,
				72E95CA827C166F200B013E9 /* MapView.swift in Sources */,
				72E95CAA27C166F200B013E9 /* LandmarksApp.swift in Sources */,
				72E95CAC27C166F200B013E9 /* LandmarkRow.swift in Sources */,
				72E95CAF27C166F200B013E9 /* Profile.swift in Sources */,
				72E95CA727C166F200B013E9 /* LandmarkList.swift in Sources */,
				72E95CB327C166F200B013E9 /* FavoriteButton.swift in Sources */,
				72E95CB027C166F200B013E9 /* CircleImage.swift in Sources */,
			);
			runOnlyForDeploymentPostprocessing = 0;
		};
/* End PBXSourcesBuildPhase section */

/* Begin PBXTargetDependency section */
		72CD8EBC27BABCF200FEC54E /* PBXTargetDependency */ = {
			isa = PBXTargetDependency;
			target = 72CD8EB827BABCF200FEC54E /* WatchLandmarks WatchKit Extension */;
			targetProxy = 72CD8EBB27BABCF200FEC54E /* PBXContainerItemProxy */;
		};
		72CD8ED027BABCF300FEC54E /* PBXTargetDependency */ = {
			isa = PBXTargetDependency;
			target = 72CD8EB027BABCF000FEC54E /* WatchLandmarks */;
			targetProxy = 72CD8ECF27BABCF300FEC54E /* PBXContainerItemProxy */;
		};
/* End PBXTargetDependency section */

/* Begin XCBuildConfiguration section */
		72CD8ED327BABCF300FEC54E /* Debug */ = {
			isa = XCBuildConfiguration;
			buildSettings = {
				ALWAYS_EMBED_SWIFT_STANDARD_LIBRARIES = YES;
				ASSETCATALOG_COMPILER_APPICON_NAME = AppIcon;
				ASSETCATALOG_COMPILER_GLOBAL_ACCENT_COLOR_NAME = AccentColor;
				CODE_SIGN_STYLE = Automatic;
				CURRENT_PROJECT_VERSION = 1;
				GENERATE_INFOPLIST_FILE = YES;
				IBSC_MODULE = WatchLandmarks_WatchKit_Extension;
				INFOPLIST_KEY_CFBundleDisplayName = WatchLandmarks;
				INFOPLIST_KEY_UISupportedInterfaceOrientations = "UIInterfaceOrientationPortrait UIInterfaceOrientationPortraitUpsideDown";
				INFOPLIST_KEY_WKCompanionAppBundleIdentifier = "com.example.apple-samplecode.Landmarks";
				MARKETING_VERSION = 1.0;
				PRODUCT_BUNDLE_IDENTIFIER = "com.example.apple-samplecode.Landmarks.watchkitapp";
				PRODUCT_NAME = "$(TARGET_NAME)";
				SDKROOT = watchos;
				SKIP_INSTALL = YES;
				SWIFT_EMIT_LOC_STRINGS = YES;
				SWIFT_VERSION = 5.0;
				TARGETED_DEVICE_FAMILY = 4;
				WATCHOS_DEPLOYMENT_TARGET = 8.3;
			};
			name = Debug;
		};
		72CD8ED427BABCF300FEC54E /* Release */ = {
			isa = XCBuildConfiguration;
			buildSettings = {
				ALWAYS_EMBED_SWIFT_STANDARD_LIBRARIES = YES;
				ASSETCATALOG_COMPILER_APPICON_NAME = AppIcon;
				ASSETCATALOG_COMPILER_GLOBAL_ACCENT_COLOR_NAME = AccentColor;
				CODE_SIGN_STYLE = Automatic;
				CURRENT_PROJECT_VERSION = 1;
				GENERATE_INFOPLIST_FILE = YES;
				IBSC_MODULE = WatchLandmarks_WatchKit_Extension;
				INFOPLIST_KEY_CFBundleDisplayName = WatchLandmarks;
				INFOPLIST_KEY_UISupportedInterfaceOrientations = "UIInterfaceOrientationPortrait UIInterfaceOrientationPortraitUpsideDown";
				INFOPLIST_KEY_WKCompanionAppBundleIdentifier = "com.example.apple-samplecode.Landmarks";
				MARKETING_VERSION = 1.0;
				PRODUCT_BUNDLE_IDENTIFIER = "com.example.apple-samplecode.Landmarks.watchkitapp";
				PRODUCT_NAME = "$(TARGET_NAME)";
				SDKROOT = watchos;
				SKIP_INSTALL = YES;
				SWIFT_EMIT_LOC_STRINGS = YES;
				SWIFT_VERSION = 5.0;
				TARGETED_DEVICE_FAMILY = 4;
				WATCHOS_DEPLOYMENT_TARGET = 8.3;
			};
			name = Release;
		};
		72CD8ED627BABCF300FEC54E /* Debug */ = {
			isa = XCBuildConfiguration;
			buildSettings = {
				ASSETCATALOG_COMPILER_COMPLICATION_NAME = Complication;
				CODE_SIGN_STYLE = Automatic;
				CURRENT_PROJECT_VERSION = 1;
				DEVELOPMENT_ASSET_PATHS = "\"WatchLandmarks WatchKit Extension/Preview Content\"";
				ENABLE_PREVIEWS = YES;
				GENERATE_INFOPLIST_FILE = YES;
				INFOPLIST_FILE = "WatchLandmarks WatchKit Extension/Info.plist";
				INFOPLIST_KEY_CFBundleDisplayName = "WatchLandmarks WatchKit Extension";
				INFOPLIST_KEY_CLKComplicationPrincipalClass = WatchLandmarks_WatchKit_Extension.ComplicationController;
				INFOPLIST_KEY_NSHumanReadableCopyright = "";
				INFOPLIST_KEY_WKRunsIndependentlyOfCompanionApp = YES;
				LD_RUNPATH_SEARCH_PATHS = (
					"$(inherited)",
					"@executable_path/Frameworks",
					"@executable_path/../../Frameworks",
				);
				MARKETING_VERSION = 1.0;
				PRODUCT_BUNDLE_IDENTIFIER = "com.example.apple-samplecode.Landmarks.watchkitapp.watchkitextension";
				PRODUCT_NAME = "${TARGET_NAME}";
				SDKROOT = watchos;
				SKIP_INSTALL = YES;
				SWIFT_EMIT_LOC_STRINGS = YES;
				SWIFT_VERSION = 5.0;
				TARGETED_DEVICE_FAMILY = 4;
				WATCHOS_DEPLOYMENT_TARGET = 8.3;
			};
			name = Debug;
		};
		72CD8ED727BABCF300FEC54E /* Release */ = {
			isa = XCBuildConfiguration;
			buildSettings = {
				ASSETCATALOG_COMPILER_COMPLICATION_NAME = Complication;
				CODE_SIGN_STYLE = Automatic;
				CURRENT_PROJECT_VERSION = 1;
				DEVELOPMENT_ASSET_PATHS = "\"WatchLandmarks WatchKit Extension/Preview Content\"";
				ENABLE_PREVIEWS = YES;
				GENERATE_INFOPLIST_FILE = YES;
				INFOPLIST_FILE = "WatchLandmarks WatchKit Extension/Info.plist";
				INFOPLIST_KEY_CFBundleDisplayName = "WatchLandmarks WatchKit Extension";
				INFOPLIST_KEY_CLKComplicationPrincipalClass = WatchLandmarks_WatchKit_Extension.ComplicationController;
				INFOPLIST_KEY_NSHumanReadableCopyright = "";
				INFOPLIST_KEY_WKRunsIndependentlyOfCompanionApp = YES;
				LD_RUNPATH_SEARCH_PATHS = (
					"$(inherited)",
					"@executable_path/Frameworks",
					"@executable_path/../../Frameworks",
				);
				MARKETING_VERSION = 1.0;
				PRODUCT_BUNDLE_IDENTIFIER = "com.example.apple-samplecode.Landmarks.watchkitapp.watchkitextension";
				PRODUCT_NAME = "${TARGET_NAME}";
				SDKROOT = watchos;
				SKIP_INSTALL = YES;
				SWIFT_EMIT_LOC_STRINGS = YES;
				SWIFT_VERSION = 5.0;
				TARGETED_DEVICE_FAMILY = 4;
				WATCHOS_DEPLOYMENT_TARGET = 8.3;
			};
			name = Release;
		};
		72DB1F9D2791E12C00FD46DD /* Debug */ = {
			isa = XCBuildConfiguration;
			buildSettings = {
				ALWAYS_SEARCH_USER_PATHS = NO;
				CLANG_ANALYZER_NONNULL = YES;
				CLANG_ANALYZER_NUMBER_OBJECT_CONVERSION = YES_AGGRESSIVE;
				CLANG_CXX_LANGUAGE_STANDARD = "gnu++17";
				CLANG_CXX_LIBRARY = "libc++";
				CLANG_ENABLE_MODULES = YES;
				CLANG_ENABLE_OBJC_ARC = YES;
				CLANG_ENABLE_OBJC_WEAK = YES;
				CLANG_WARN_BLOCK_CAPTURE_AUTORELEASING = YES;
				CLANG_WARN_BOOL_CONVERSION = YES;
				CLANG_WARN_COMMA = YES;
				CLANG_WARN_CONSTANT_CONVERSION = YES;
				CLANG_WARN_DEPRECATED_OBJC_IMPLEMENTATIONS = YES;
				CLANG_WARN_DIRECT_OBJC_ISA_USAGE = YES_ERROR;
				CLANG_WARN_DOCUMENTATION_COMMENTS = YES;
				CLANG_WARN_EMPTY_BODY = YES;
				CLANG_WARN_ENUM_CONVERSION = YES;
				CLANG_WARN_INFINITE_RECURSION = YES;
				CLANG_WARN_INT_CONVERSION = YES;
				CLANG_WARN_NON_LITERAL_NULL_CONVERSION = YES;
				CLANG_WARN_OBJC_IMPLICIT_RETAIN_SELF = YES;
				CLANG_WARN_OBJC_LITERAL_CONVERSION = YES;
				CLANG_WARN_OBJC_ROOT_CLASS = YES_ERROR;
				CLANG_WARN_QUOTED_INCLUDE_IN_FRAMEWORK_HEADER = YES;
				CLANG_WARN_RANGE_LOOP_ANALYSIS = YES;
				CLANG_WARN_STRICT_PROTOTYPES = YES;
				CLANG_WARN_SUSPICIOUS_MOVE = YES;
				CLANG_WARN_UNGUARDED_AVAILABILITY = YES_AGGRESSIVE;
				CLANG_WARN_UNREACHABLE_CODE = YES;
				CLANG_WARN__DUPLICATE_METHOD_MATCH = YES;
				COPY_PHASE_STRIP = NO;
				DEBUG_INFORMATION_FORMAT = dwarf;
				ENABLE_STRICT_OBJC_MSGSEND = YES;
				ENABLE_TESTABILITY = YES;
				GCC_C_LANGUAGE_STANDARD = gnu11;
				GCC_DYNAMIC_NO_PIC = NO;
				GCC_NO_COMMON_BLOCKS = YES;
				GCC_OPTIMIZATION_LEVEL = 0;
				GCC_PREPROCESSOR_DEFINITIONS = (
					"DEBUG=1",
					"$(inherited)",
				);
				GCC_WARN_64_TO_32_BIT_CONVERSION = YES;
				GCC_WARN_ABOUT_RETURN_TYPE = YES_ERROR;
				GCC_WARN_UNDECLARED_SELECTOR = YES;
				GCC_WARN_UNINITIALIZED_AUTOS = YES_AGGRESSIVE;
				GCC_WARN_UNUSED_FUNCTION = YES;
				GCC_WARN_UNUSED_VARIABLE = YES;
				IPHONEOS_DEPLOYMENT_TARGET = 15.2;
				MTL_ENABLE_DEBUG_INFO = INCLUDE_SOURCE;
				MTL_FAST_MATH = YES;
				ONLY_ACTIVE_ARCH = YES;
				SDKROOT = iphoneos;
				SWIFT_ACTIVE_COMPILATION_CONDITIONS = DEBUG;
				SWIFT_OPTIMIZATION_LEVEL = "-Onone";
			};
			name = Debug;
		};
		72DB1F9E2791E12C00FD46DD /* Release */ = {
			isa = XCBuildConfiguration;
			buildSettings = {
				ALWAYS_SEARCH_USER_PATHS = NO;
				CLANG_ANALYZER_NONNULL = YES;
				CLANG_ANALYZER_NUMBER_OBJECT_CONVERSION = YES_AGGRESSIVE;
				CLANG_CXX_LANGUAGE_STANDARD = "gnu++17";
				CLANG_CXX_LIBRARY = "libc++";
				CLANG_ENABLE_MODULES = YES;
				CLANG_ENABLE_OBJC_ARC = YES;
				CLANG_ENABLE_OBJC_WEAK = YES;
				CLANG_WARN_BLOCK_CAPTURE_AUTORELEASING = YES;
				CLANG_WARN_BOOL_CONVERSION = YES;
				CLANG_WARN_COMMA = YES;
				CLANG_WARN_CONSTANT_CONVERSION = YES;
				CLANG_WARN_DEPRECATED_OBJC_IMPLEMENTATIONS = YES;
				CLANG_WARN_DIRECT_OBJC_ISA_USAGE = YES_ERROR;
				CLANG_WARN_DOCUMENTATION_COMMENTS = YES;
				CLANG_WARN_EMPTY_BODY = YES;
				CLANG_WARN_ENUM_CONVERSION = YES;
				CLANG_WARN_INFINITE_RECURSION = YES;
				CLANG_WARN_INT_CONVERSION = YES;
				CLANG_WARN_NON_LITERAL_NULL_CONVERSION = YES;
				CLANG_WARN_OBJC_IMPLICIT_RETAIN_SELF = YES;
				CLANG_WARN_OBJC_LITERAL_CONVERSION = YES;
				CLANG_WARN_OBJC_ROOT_CLASS = YES_ERROR;
				CLANG_WARN_QUOTED_INCLUDE_IN_FRAMEWORK_HEADER = YES;
				CLANG_WARN_RANGE_LOOP_ANALYSIS = YES;
				CLANG_WARN_STRICT_PROTOTYPES = YES;
				CLANG_WARN_SUSPICIOUS_MOVE = YES;
				CLANG_WARN_UNGUARDED_AVAILABILITY = YES_AGGRESSIVE;
				CLANG_WARN_UNREACHABLE_CODE = YES;
				CLANG_WARN__DUPLICATE_METHOD_MATCH = YES;
				COPY_PHASE_STRIP = NO;
				DEBUG_INFORMATION_FORMAT = "dwarf-with-dsym";
				ENABLE_NS_ASSERTIONS = NO;
				ENABLE_STRICT_OBJC_MSGSEND = YES;
				GCC_C_LANGUAGE_STANDARD = gnu11;
				GCC_NO_COMMON_BLOCKS = YES;
				GCC_WARN_64_TO_32_BIT_CONVERSION = YES;
				GCC_WARN_ABOUT_RETURN_TYPE = YES_ERROR;
				GCC_WARN_UNDECLARED_SELECTOR = YES;
				GCC_WARN_UNINITIALIZED_AUTOS = YES_AGGRESSIVE;
				GCC_WARN_UNUSED_FUNCTION = YES;
				GCC_WARN_UNUSED_VARIABLE = YES;
				IPHONEOS_DEPLOYMENT_TARGET = 15.2;
				MTL_ENABLE_DEBUG_INFO = NO;
				MTL_FAST_MATH = YES;
				SDKROOT = iphoneos;
				SWIFT_COMPILATION_MODE = wholemodule;
				SWIFT_OPTIMIZATION_LEVEL = "-O";
				VALIDATE_PRODUCT = YES;
			};
			name = Release;
		};
		72DB1FA02791E12C00FD46DD /* Debug */ = {
			isa = XCBuildConfiguration;
			buildSettings = {
				ASSETCATALOG_COMPILER_APPICON_NAME = AppIcon;
				ASSETCATALOG_COMPILER_GLOBAL_ACCENT_COLOR_NAME = AccentColor;
				CODE_SIGN_STYLE = Automatic;
				CURRENT_PROJECT_VERSION = 1;
				DEVELOPMENT_ASSET_PATHS = "\"Landmarks/Preview Content\"";
				ENABLE_PREVIEWS = YES;
				GENERATE_INFOPLIST_FILE = YES;
				INFOPLIST_KEY_UIApplicationSceneManifest_Generation = YES;
				INFOPLIST_KEY_UIApplicationSupportsIndirectInputEvents = YES;
				INFOPLIST_KEY_UILaunchScreen_Generation = YES;
				INFOPLIST_KEY_UISupportedInterfaceOrientations_iPad = "UIInterfaceOrientationPortrait UIInterfaceOrientationPortraitUpsideDown UIInterfaceOrientationLandscapeLeft UIInterfaceOrientationLandscapeRight";
				INFOPLIST_KEY_UISupportedInterfaceOrientations_iPhone = "UIInterfaceOrientationPortrait UIInterfaceOrientationLandscapeLeft UIInterfaceOrientationLandscapeRight";
				LD_RUNPATH_SEARCH_PATHS = (
					"$(inherited)",
					"@executable_path/Frameworks",
				);
				MARKETING_VERSION = 1.0;
				PRODUCT_BUNDLE_IDENTIFIER = "com.example.apple-samplecode.Landmarks";
				PRODUCT_NAME = "$(TARGET_NAME)";
				SWIFT_EMIT_LOC_STRINGS = YES;
				SWIFT_VERSION = 5.0;
				TARGETED_DEVICE_FAMILY = "1,2";
			};
			name = Debug;
		};
		72DB1FA12791E12C00FD46DD /* Release */ = {
			isa = XCBuildConfiguration;
			buildSettings = {
				ASSETCATALOG_COMPILER_APPICON_NAME = AppIcon;
				ASSETCATALOG_COMPILER_GLOBAL_ACCENT_COLOR_NAME = AccentColor;
				CODE_SIGN_STYLE = Automatic;
				CURRENT_PROJECT_VERSION = 1;
				DEVELOPMENT_ASSET_PATHS = "\"Landmarks/Preview Content\"";
				ENABLE_PREVIEWS = YES;
				GENERATE_INFOPLIST_FILE = YES;
				INFOPLIST_KEY_UIApplicationSceneManifest_Generation = YES;
				INFOPLIST_KEY_UIApplicationSupportsIndirectInputEvents = YES;
				INFOPLIST_KEY_UILaunchScreen_Generation = YES;
				INFOPLIST_KEY_UISupportedInterfaceOrientations_iPad = "UIInterfaceOrientationPortrait UIInterfaceOrientationPortraitUpsideDown UIInterfaceOrientationLandscapeLeft UIInterfaceOrientationLandscapeRight";
				INFOPLIST_KEY_UISupportedInterfaceOrientations_iPhone = "UIInterfaceOrientationPortrait UIInterfaceOrientationLandscapeLeft UIInterfaceOrientationLandscapeRight";
				LD_RUNPATH_SEARCH_PATHS = (
					"$(inherited)",
					"@executable_path/Frameworks",
				);
				MARKETING_VERSION = 1.0;
				PRODUCT_BUNDLE_IDENTIFIER = "com.example.apple-samplecode.Landmarks";
				PRODUCT_NAME = "$(TARGET_NAME)";
				SWIFT_EMIT_LOC_STRINGS = YES;
				SWIFT_VERSION = 5.0;
				TARGETED_DEVICE_FAMILY = "1,2";
			};
			name = Release;
		};
		72E95CA427C164B500B013E9 /* Debug */ = {
			isa = XCBuildConfiguration;
			buildSettings = {
				ASSETCATALOG_COMPILER_APPICON_NAME = AppIcon;
				ASSETCATALOG_COMPILER_GLOBAL_ACCENT_COLOR_NAME = AccentColor;
				CODE_SIGN_ENTITLEMENTS = MacLandmarks/MacLandmarks.entitlements;
				CODE_SIGN_STYLE = Automatic;
				COMBINE_HIDPI_IMAGES = YES;
				CURRENT_PROJECT_VERSION = 1;
				DEVELOPMENT_ASSET_PATHS = "\"MacLandmarks/Preview Content\"";
				ENABLE_PREVIEWS = YES;
				GENERATE_INFOPLIST_FILE = YES;
				INFOPLIST_KEY_NSHumanReadableCopyright = "";
				LD_RUNPATH_SEARCH_PATHS = (
					"$(inherited)",
					"@executable_path/../Frameworks",
				);
				MACOSX_DEPLOYMENT_TARGET = 12.1;
				MARKETING_VERSION = 1.0;
				PRODUCT_BUNDLE_IDENTIFIER = "com.example.apple-samplecode.MacLandmarks";
				PRODUCT_NAME = "$(TARGET_NAME)";
				SDKROOT = macosx;
				SWIFT_EMIT_LOC_STRINGS = YES;
				SWIFT_VERSION = 5.0;
			};
			name = Debug;
		};
		72E95CA527C164B500B013E9 /* Release */ = {
			isa = XCBuildConfiguration;
			buildSettings = {
				ASSETCATALOG_COMPILER_APPICON_NAME = AppIcon;
				ASSETCATALOG_COMPILER_GLOBAL_ACCENT_COLOR_NAME = AccentColor;
				CODE_SIGN_ENTITLEMENTS = MacLandmarks/MacLandmarks.entitlements;
				CODE_SIGN_STYLE = Automatic;
				COMBINE_HIDPI_IMAGES = YES;
				CURRENT_PROJECT_VERSION = 1;
				DEVELOPMENT_ASSET_PATHS = "\"MacLandmarks/Preview Content\"";
				ENABLE_PREVIEWS = YES;
				GENERATE_INFOPLIST_FILE = YES;
				INFOPLIST_KEY_NSHumanReadableCopyright = "";
				LD_RUNPATH_SEARCH_PATHS = (
					"$(inherited)",
					"@executable_path/../Frameworks",
				);
				MACOSX_DEPLOYMENT_TARGET = 12.1;
				MARKETING_VERSION = 1.0;
				PRODUCT_BUNDLE_IDENTIFIER = "com.example.apple-samplecode.MacLandmarks";
				PRODUCT_NAME = "$(TARGET_NAME)";
				SDKROOT = macosx;
				SWIFT_EMIT_LOC_STRINGS = YES;
				SWIFT_VERSION = 5.0;
			};
			name = Release;
		};
/* End XCBuildConfiguration section */

/* Begin XCConfigurationList section */
		72CD8ED827BABCF300FEC54E /* Build configuration list for PBXNativeTarget "WatchLandmarks WatchKit Extension" */ = {
			isa = XCConfigurationList;
			buildConfigurations = (
				72CD8ED627BABCF300FEC54E /* Debug */,
				72CD8ED727BABCF300FEC54E /* Release */,
			);
			defaultConfigurationIsVisible = 0;
			defaultConfigurationName = Release;
		};
		72CD8ED927BABCF300FEC54E /* Build configuration list for PBXNativeTarget "WatchLandmarks" */ = {
			isa = XCConfigurationList;
			buildConfigurations = (
				72CD8ED327BABCF300FEC54E /* Debug */,
				72CD8ED427BABCF300FEC54E /* Release */,
			);
			defaultConfigurationIsVisible = 0;
			defaultConfigurationName = Release;
		};
		72DB1F8C2791E12B00FD46DD /* Build configuration list for PBXProject "Landmarks" */ = {
			isa = XCConfigurationList;
			buildConfigurations = (
				72DB1F9D2791E12C00FD46DD /* Debug */,
				72DB1F9E2791E12C00FD46DD /* Release */,
			);
			defaultConfigurationIsVisible = 0;
			defaultConfigurationName = Release;
		};
		72DB1F9F2791E12C00FD46DD /* Build configuration list for PBXNativeTarget "Landmarks" */ = {
			isa = XCConfigurationList;
			buildConfigurations = (
				72DB1FA02791E12C00FD46DD /* Debug */,
				72DB1FA12791E12C00FD46DD /* Release */,
			);
			defaultConfigurationIsVisible = 0;
			defaultConfigurationName = Release;
		};
		72E95CA627C164B500B013E9 /* Build configuration list for PBXNativeTarget "MacLandmarks" */ = {
			isa = XCConfigurationList;
			buildConfigurations = (
				72E95CA427C164B500B013E9 /* Debug */,
				72E95CA527C164B500B013E9 /* Release */,
			);
			defaultConfigurationIsVisible = 0;
			defaultConfigurationName = Release;
		};
/* End XCConfigurationList section */
	};
	rootObject = 72DB1F892791E12B00FD46DD /* Project object */;
}
